// !$*UTF8*$!
{
	archiveVersion = 1;
	classes = {
	};
	objectVersion = 46;
	objects = {

/* Begin PBXBuildFile section */
		7056D067202126EC00E3798A /* ListLoaderAdapterController.swift in Sources */ = {isa = PBXBuildFile; fileRef = 7056D066202126EC00E3798A /* ListLoaderAdapterController.swift */; };
		705AE9C9201F69A000725573 /* ListCellMapperController.swift in Sources */ = {isa = PBXBuildFile; fileRef = 705AE9C8201F69A000725573 /* ListCellMapperController.swift */; };
		705AE9D2201F908900725573 /* ListNibMapperController.swift in Sources */ = {isa = PBXBuildFile; fileRef = 705AE9D1201F908900725573 /* ListNibMapperController.swift */; };
		705AE9DD201FB7D100725573 /* ListAdapter.swift in Sources */ = {isa = PBXBuildFile; fileRef = 705AE9DC201FB7D100725573 /* ListAdapter.swift */; };
		705AE9DF201FC39B00725573 /* ListCellMapperAdapter.swift in Sources */ = {isa = PBXBuildFile; fileRef = 705AE9DE201FC39B00725573 /* ListCellMapperAdapter.swift */; };
		705AE9E1201FC81D00725573 /* ListNibMapperAdapter.swift in Sources */ = {isa = PBXBuildFile; fileRef = 705AE9E0201FC81D00725573 /* ListNibMapperAdapter.swift */; };
		705D2DBC1E5F3B37005D3A5F /* PromiseKit.framework in Frameworks */ = {isa = PBXBuildFile; fileRef = 705D2DBB1E5F3B37005D3A5F /* PromiseKit.framework */; };
		705D2E3A1E600613005D3A5F /* DataSource.framework in Frameworks */ = {isa = PBXBuildFile; fileRef = 705D2E341E6005E8005D3A5F /* DataSource.framework */; };
		705D2E3B1E60061B005D3A5F /* ParseDataSource.framework in Frameworks */ = {isa = PBXBuildFile; fileRef = 705D2E361E6005E8005D3A5F /* ParseDataSource.framework */; };
		705D2E611E609591005D3A5F /* CollectionViewType.swift in Sources */ = {isa = PBXBuildFile; fileRef = 705D2E601E609591005D3A5F /* CollectionViewType.swift */; };
		705D2FC51E669763005D3A5F /* DataSource.framework in Frameworks */ = {isa = PBXBuildFile; fileRef = 705D2E341E6005E8005D3A5F /* DataSource.framework */; };
		705D301C1E676EB1005D3A5F /* ViewMapper.framework in Frameworks */ = {isa = PBXBuildFile; fileRef = 705D30141E676E96005D3A5F /* ViewMapper.framework */; };
		705D30201E676FBA005D3A5F /* NotifiableViewMappable.swift in Sources */ = {isa = PBXBuildFile; fileRef = 705D301F1E676FBA005D3A5F /* NotifiableViewMappable.swift */; };
		705D30221E676FEC005D3A5F /* CollectionLoaderSelectRow.swift in Sources */ = {isa = PBXBuildFile; fileRef = 705D30211E676FEC005D3A5F /* CollectionLoaderSelectRow.swift */; };
		705D30261E67720F005D3A5F /* DataSourceFormController.swift in Sources */ = {isa = PBXBuildFile; fileRef = 705D30251E67720F005D3A5F /* DataSourceFormController.swift */; };
		705D30281E67725C005D3A5F /* Eureka.framework in Frameworks */ = {isa = PBXBuildFile; fileRef = 705D30271E67725C005D3A5F /* Eureka.framework */; };
		705D30661E6776D5005D3A5F /* ParseTableLoader.swift in Sources */ = {isa = PBXBuildFile; fileRef = 705D30651E6776D5005D3A5F /* ParseTableLoader.swift */; };
		705D307E1E678144005D3A5F /* DataLoaderEngine.swift in Sources */ = {isa = PBXBuildFile; fileRef = 705D307D1E678144005D3A5F /* DataLoaderEngine.swift */; };
		706C972A1FACAE5200F73ED9 /* LoaderGradientLayer.swift in Sources */ = {isa = PBXBuildFile; fileRef = 706C97201FACAE4F00F73ED9 /* LoaderGradientLayer.swift */; };
		706C972B1FACAE5200F73ED9 /* LoaderCell.swift in Sources */ = {isa = PBXBuildFile; fileRef = 706C97281FACAE5000F73ED9 /* LoaderCell.swift */; };
		706C972C1FACAE5200F73ED9 /* CutoutView.swift in Sources */ = {isa = PBXBuildFile; fileRef = 706C97291FACAE5200F73ED9 /* CutoutView.swift */; };
		707CA2C21F0EEDF60063CF5F /* Changeset.framework in Frameworks */ = {isa = PBXBuildFile; fileRef = 707CA2C11F0EEDF20063CF5F /* Changeset.framework */; };
		70961C0C1EA82468007CD33E /* FilterListViewController.swift in Sources */ = {isa = PBXBuildFile; fileRef = 70961C0B1EA82468007CD33E /* FilterListViewController.swift */; };
		70A884271E5736C400823C0F /* CollectionLoader.h in Headers */ = {isa = PBXBuildFile; fileRef = 70A884191E5736C400823C0F /* CollectionLoader.h */; settings = {ATTRIBUTES = (Public, ); }; };
		70A884311E57373800823C0F /* ListLoaderController.swift in Sources */ = {isa = PBXBuildFile; fileRef = 70A884301E57373800823C0F /* ListLoaderController.swift */; };
		70A884331E5738CA00823C0F /* Cartfile in Resources */ = {isa = PBXBuildFile; fileRef = 70A884321E5738CA00823C0F /* Cartfile */; };
		70A884C51E573C6800823C0F /* RxBlocking.framework in Frameworks */ = {isa = PBXBuildFile; fileRef = 70A884C21E573C6800823C0F /* RxBlocking.framework */; };
		70A884C61E573C6800823C0F /* RxCocoa.framework in Frameworks */ = {isa = PBXBuildFile; fileRef = 70A884C31E573C6800823C0F /* RxCocoa.framework */; };
		70A884C71E573C6800823C0F /* RxSwift.framework in Frameworks */ = {isa = PBXBuildFile; fileRef = 70A884C41E573C6800823C0F /* RxSwift.framework */; };
		70A884CD1E573FF900823C0F /* DataLoader.swift in Sources */ = {isa = PBXBuildFile; fileRef = 70A884CC1E573FF900823C0F /* DataLoader.swift */; };
		70A884CF1E57403A00823C0F /* CollectionSearchBar.swift in Sources */ = {isa = PBXBuildFile; fileRef = 70A884CE1E57403A00823C0F /* CollectionSearchBar.swift */; };
		70A884D11E57404B00823C0F /* LoaderView.swift in Sources */ = {isa = PBXBuildFile; fileRef = 70A884D01E57404B00823C0F /* LoaderView.swift */; };
		70A884DB1E575FED00823C0F /* Utils.swift in Sources */ = {isa = PBXBuildFile; fileRef = 70A884DA1E575FED00823C0F /* Utils.swift */; };
		70A884DD1E5762F000823C0F /* UITableView.swift in Sources */ = {isa = PBXBuildFile; fileRef = 70A884DC1E5762F000823C0F /* UITableView.swift */; };
		70A884DF1E576D6700823C0F /* UIScrollView_InfiniteScroll.framework in Frameworks */ = {isa = PBXBuildFile; fileRef = 70A884DE1E576D6700823C0F /* UIScrollView_InfiniteScroll.framework */; };
		70A885681E57870200823C0F /* LoaderView.xib in Resources */ = {isa = PBXBuildFile; fileRef = 70A885661E57870200823C0F /* LoaderView.xib */; };
		70A885691E57870200823C0F /* CollectionSearchBar.xib in Resources */ = {isa = PBXBuildFile; fileRef = 70A885671E57870200823C0F /* CollectionSearchBar.xib */; };
		70A8856B1E57876300823C0F /* Images.xcassets in Resources */ = {isa = PBXBuildFile; fileRef = 70A8856A1E57876300823C0F /* Images.xcassets */; };
		70A8860C1E57E92500823C0F /* ParseDataEngine.h in Headers */ = {isa = PBXBuildFile; fileRef = 70A8860A1E57E92500823C0F /* ParseDataEngine.h */; settings = {ATTRIBUTES = (Public, ); }; };
		70A886111E57E93000823C0F /* ParseDataEngine.swift in Sources */ = {isa = PBXBuildFile; fileRef = 70A886101E57E93000823C0F /* ParseDataEngine.swift */; };
		70A886231E57EE8D00823C0F /* Parse.framework in Frameworks */ = {isa = PBXBuildFile; fileRef = 70A886221E57EE8D00823C0F /* Parse.framework */; };
		70A886291E5822B700823C0F /* UIView.swift in Sources */ = {isa = PBXBuildFile; fileRef = 70A886281E5822B700823C0F /* UIView.swift */; };
		70A8862C1E58A63300823C0F /* CollectionLoader.framework in Frameworks */ = {isa = PBXBuildFile; fileRef = 70A884161E5736C400823C0F /* CollectionLoader.framework */; };
		70C407BC1E68DDCD00A14EB7 /* ParseViewMapper.swift in Sources */ = {isa = PBXBuildFile; fileRef = 70C407BB1E68DDCD00A14EB7 /* ParseViewMapper.swift */; };
		70C407CC1E69F37800A14EB7 /* DataLoadType.swift in Sources */ = {isa = PBXBuildFile; fileRef = 70C407CB1E69F37800A14EB7 /* DataLoadType.swift */; };
		70C408C01E6AFF1F00A14EB7 /* ParseEurekaViewMapper.framework in Frameworks */ = {isa = PBXBuildFile; fileRef = 705D301A1E676E96005D3A5F /* ParseEurekaViewMapper.framework */; };
		70F712141FD60D40005D139B /* DataSourceNotificationCenter.framework in Frameworks */ = {isa = PBXBuildFile; fileRef = 70F712131FD60D40005D139B /* DataSourceNotificationCenter.framework */; };
		70FBAA7C1EB9115600ECC20E /* Const.swift in Sources */ = {isa = PBXBuildFile; fileRef = 70FBAA7B1EB9115600ECC20E /* Const.swift */; };
/* End PBXBuildFile section */

/* Begin PBXContainerItemProxy section */
		705D2E331E6005E8005D3A5F /* PBXContainerItemProxy */ = {
			isa = PBXContainerItemProxy;
			containerPortal = 705D2E2D1E6005E8005D3A5F /* DataSource.xcodeproj */;
			proxyType = 2;
			remoteGlobalIDString = 705D2DA31E5E4064005D3A5F;
			remoteInfo = DataSource;
		};
		705D2E351E6005E8005D3A5F /* PBXContainerItemProxy */ = {
			isa = PBXContainerItemProxy;
			containerPortal = 705D2E2D1E6005E8005D3A5F /* DataSource.xcodeproj */;
			proxyType = 2;
			remoteGlobalIDString = 705D2DD21E5F6CA6005D3A5F;
			remoteInfo = ParseDataSource;
		};
		705D2E371E6005E8005D3A5F /* PBXContainerItemProxy */ = {
			isa = PBXContainerItemProxy;
			containerPortal = 705D2E2D1E6005E8005D3A5F /* DataSource.xcodeproj */;
			proxyType = 2;
			remoteGlobalIDString = 705D2DF21E5F8FF1005D3A5F;
			remoteInfo = ObjectMapperDataSource;
		};
		705D30131E676E96005D3A5F /* PBXContainerItemProxy */ = {
			isa = PBXContainerItemProxy;
			containerPortal = 705D300C1E676E96005D3A5F /* ViewMapper.xcodeproj */;
			proxyType = 2;
			remoteGlobalIDString = 705D2D1B1E5D22B3005D3A5F;
			remoteInfo = ViewMapper;
		};
		705D30151E676E96005D3A5F /* PBXContainerItemProxy */ = {
			isa = PBXContainerItemProxy;
			containerPortal = 705D300C1E676E96005D3A5F /* ViewMapper.xcodeproj */;
			proxyType = 2;
			remoteGlobalIDString = 705D2D5F1E5E131D005D3A5F;
			remoteInfo = HanekeViewMapper;
		};
		705D30171E676E96005D3A5F /* PBXContainerItemProxy */ = {
			isa = PBXContainerItemProxy;
			containerPortal = 705D300C1E676E96005D3A5F /* ViewMapper.xcodeproj */;
			proxyType = 2;
			remoteGlobalIDString = 705D2D7E1E5E18BF005D3A5F;
			remoteInfo = EurekaViewMapper;
		};
		705D30191E676E96005D3A5F /* PBXContainerItemProxy */ = {
			isa = PBXContainerItemProxy;
			containerPortal = 705D300C1E676E96005D3A5F /* ViewMapper.xcodeproj */;
			proxyType = 2;
			remoteGlobalIDString = 705D2F751E668705005D3A5F;
			remoteInfo = ParseEurekaViewMapper;
		};
		70F712121FD60D40005D139B /* PBXContainerItemProxy */ = {
			isa = PBXContainerItemProxy;
			containerPortal = 705D2E2D1E6005E8005D3A5F /* DataSource.xcodeproj */;
			proxyType = 2;
			remoteGlobalIDString = 70731A891FD1B9D000C7CF45;
			remoteInfo = DataSourceNotificationCenter;
		};
/* End PBXContainerItemProxy section */

/* Begin PBXFileReference section */
		7056D066202126EC00E3798A /* ListLoaderAdapterController.swift */ = {isa = PBXFileReference; lastKnownFileType = sourcecode.swift; path = ListLoaderAdapterController.swift; sourceTree = "<group>"; };
		705AE9C8201F69A000725573 /* ListCellMapperController.swift */ = {isa = PBXFileReference; lastKnownFileType = sourcecode.swift; path = ListCellMapperController.swift; sourceTree = "<group>"; };
		705AE9D1201F908900725573 /* ListNibMapperController.swift */ = {isa = PBXFileReference; lastKnownFileType = sourcecode.swift; path = ListNibMapperController.swift; sourceTree = "<group>"; };
		705AE9DC201FB7D100725573 /* ListAdapter.swift */ = {isa = PBXFileReference; lastKnownFileType = sourcecode.swift; path = ListAdapter.swift; sourceTree = "<group>"; };
		705AE9DE201FC39B00725573 /* ListCellMapperAdapter.swift */ = {isa = PBXFileReference; lastKnownFileType = sourcecode.swift; path = ListCellMapperAdapter.swift; sourceTree = "<group>"; };
		705AE9E0201FC81D00725573 /* ListNibMapperAdapter.swift */ = {isa = PBXFileReference; lastKnownFileType = sourcecode.swift; path = ListNibMapperAdapter.swift; sourceTree = "<group>"; };
		705D2DBB1E5F3B37005D3A5F /* PromiseKit.framework */ = {isa = PBXFileReference; lastKnownFileType = wrapper.framework; name = PromiseKit.framework; path = Carthage/Build/iOS/PromiseKit.framework; sourceTree = "<group>"; };
		705D2E2D1E6005E8005D3A5F /* DataSource.xcodeproj */ = {isa = PBXFileReference; lastKnownFileType = "wrapper.pb-project"; name = DataSource.xcodeproj; path = ../DataSource/DataSource.xcodeproj; sourceTree = "<group>"; };
		705D2E601E609591005D3A5F /* CollectionViewType.swift */ = {isa = PBXFileReference; fileEncoding = 4; lastKnownFileType = sourcecode.swift; path = CollectionViewType.swift; sourceTree = "<group>"; };
		705D300C1E676E96005D3A5F /* ViewMapper.xcodeproj */ = {isa = PBXFileReference; lastKnownFileType = "wrapper.pb-project"; name = ViewMapper.xcodeproj; path = ../ViewMapper/ViewMapper.xcodeproj; sourceTree = "<group>"; };
		705D301F1E676FBA005D3A5F /* NotifiableViewMappable.swift */ = {isa = PBXFileReference; fileEncoding = 4; lastKnownFileType = sourcecode.swift; path = NotifiableViewMappable.swift; sourceTree = "<group>"; };
		705D30211E676FEC005D3A5F /* CollectionLoaderSelectRow.swift */ = {isa = PBXFileReference; fileEncoding = 4; lastKnownFileType = sourcecode.swift; name = CollectionLoaderSelectRow.swift; path = Views/CollectionLoaderSelectRow.swift; sourceTree = "<group>"; };
		705D30251E67720F005D3A5F /* DataSourceFormController.swift */ = {isa = PBXFileReference; fileEncoding = 4; lastKnownFileType = sourcecode.swift; path = DataSourceFormController.swift; sourceTree = "<group>"; };
		705D30271E67725C005D3A5F /* Eureka.framework */ = {isa = PBXFileReference; lastKnownFileType = wrapper.framework; name = Eureka.framework; path = Carthage/Build/iOS/Eureka.framework; sourceTree = "<group>"; };
		705D30651E6776D5005D3A5F /* ParseTableLoader.swift */ = {isa = PBXFileReference; fileEncoding = 4; lastKnownFileType = sourcecode.swift; path = ParseTableLoader.swift; sourceTree = "<group>"; };
		705D307D1E678144005D3A5F /* DataLoaderEngine.swift */ = {isa = PBXFileReference; fileEncoding = 4; lastKnownFileType = sourcecode.swift; path = DataLoaderEngine.swift; sourceTree = "<group>"; };
		706C97201FACAE4F00F73ED9 /* LoaderGradientLayer.swift */ = {isa = PBXFileReference; fileEncoding = 4; lastKnownFileType = sourcecode.swift; path = LoaderGradientLayer.swift; sourceTree = "<group>"; };
		706C97281FACAE5000F73ED9 /* LoaderCell.swift */ = {isa = PBXFileReference; fileEncoding = 4; lastKnownFileType = sourcecode.swift; path = LoaderCell.swift; sourceTree = "<group>"; };
		706C97291FACAE5200F73ED9 /* CutoutView.swift */ = {isa = PBXFileReference; fileEncoding = 4; lastKnownFileType = sourcecode.swift; path = CutoutView.swift; sourceTree = "<group>"; };
		707CA2C11F0EEDF20063CF5F /* Changeset.framework */ = {isa = PBXFileReference; lastKnownFileType = wrapper.framework; name = Changeset.framework; path = Carthage/Build/iOS/Changeset.framework; sourceTree = "<group>"; };
		70961C0B1EA82468007CD33E /* FilterListViewController.swift */ = {isa = PBXFileReference; fileEncoding = 4; lastKnownFileType = sourcecode.swift; path = FilterListViewController.swift; sourceTree = "<group>"; };
		70A884161E5736C400823C0F /* CollectionLoader.framework */ = {isa = PBXFileReference; explicitFileType = wrapper.framework; includeInIndex = 0; path = CollectionLoader.framework; sourceTree = BUILT_PRODUCTS_DIR; };
		70A884191E5736C400823C0F /* CollectionLoader.h */ = {isa = PBXFileReference; lastKnownFileType = sourcecode.c.h; path = CollectionLoader.h; sourceTree = "<group>"; };
		70A8841A1E5736C400823C0F /* Info.plist */ = {isa = PBXFileReference; lastKnownFileType = text.plist.xml; path = Info.plist; sourceTree = "<group>"; };
		70A884241E5736C400823C0F /* CollectionLoaderTests.swift */ = {isa = PBXFileReference; lastKnownFileType = sourcecode.swift; path = CollectionLoaderTests.swift; sourceTree = "<group>"; };
		70A884261E5736C400823C0F /* Info.plist */ = {isa = PBXFileReference; lastKnownFileType = text.plist.xml; path = Info.plist; sourceTree = "<group>"; };
		70A884301E57373800823C0F /* ListLoaderController.swift */ = {isa = PBXFileReference; fileEncoding = 4; lastKnownFileType = sourcecode.swift; path = ListLoaderController.swift; sourceTree = "<group>"; };
		70A884321E5738CA00823C0F /* Cartfile */ = {isa = PBXFileReference; fileEncoding = 4; lastKnownFileType = text; path = Cartfile; sourceTree = "<group>"; };
		70A884C01E573AC300823C0F /* Spring.framework */ = {isa = PBXFileReference; lastKnownFileType = wrapper.framework; name = Spring.framework; path = Carthage/Build/iOS/Spring.framework; sourceTree = "<group>"; };
		70A884C21E573C6800823C0F /* RxBlocking.framework */ = {isa = PBXFileReference; lastKnownFileType = wrapper.framework; name = RxBlocking.framework; path = Carthage/Build/iOS/RxBlocking.framework; sourceTree = "<group>"; };
		70A884C31E573C6800823C0F /* RxCocoa.framework */ = {isa = PBXFileReference; lastKnownFileType = wrapper.framework; name = RxCocoa.framework; path = Carthage/Build/iOS/RxCocoa.framework; sourceTree = "<group>"; };
		70A884C41E573C6800823C0F /* RxSwift.framework */ = {isa = PBXFileReference; lastKnownFileType = wrapper.framework; name = RxSwift.framework; path = Carthage/Build/iOS/RxSwift.framework; sourceTree = "<group>"; };
		70A884CC1E573FF900823C0F /* DataLoader.swift */ = {isa = PBXFileReference; fileEncoding = 4; lastKnownFileType = sourcecode.swift; path = DataLoader.swift; sourceTree = "<group>"; };
		70A884CE1E57403A00823C0F /* CollectionSearchBar.swift */ = {isa = PBXFileReference; fileEncoding = 4; lastKnownFileType = sourcecode.swift; path = CollectionSearchBar.swift; sourceTree = "<group>"; };
		70A884D01E57404B00823C0F /* LoaderView.swift */ = {isa = PBXFileReference; fileEncoding = 4; lastKnownFileType = sourcecode.swift; path = LoaderView.swift; sourceTree = "<group>"; };
		70A884DA1E575FED00823C0F /* Utils.swift */ = {isa = PBXFileReference; fileEncoding = 4; lastKnownFileType = sourcecode.swift; path = Utils.swift; sourceTree = "<group>"; };
		70A884DC1E5762F000823C0F /* UITableView.swift */ = {isa = PBXFileReference; fileEncoding = 4; lastKnownFileType = sourcecode.swift; path = UITableView.swift; sourceTree = "<group>"; };
		70A884DE1E576D6700823C0F /* UIScrollView_InfiniteScroll.framework */ = {isa = PBXFileReference; lastKnownFileType = wrapper.framework; name = UIScrollView_InfiniteScroll.framework; path = Carthage/Build/iOS/UIScrollView_InfiniteScroll.framework; sourceTree = "<group>"; };
		70A885661E57870200823C0F /* LoaderView.xib */ = {isa = PBXFileReference; fileEncoding = 4; lastKnownFileType = file.xib; path = LoaderView.xib; sourceTree = "<group>"; };
		70A885671E57870200823C0F /* CollectionSearchBar.xib */ = {isa = PBXFileReference; fileEncoding = 4; lastKnownFileType = file.xib; path = CollectionSearchBar.xib; sourceTree = "<group>"; };
		70A8856A1E57876300823C0F /* Images.xcassets */ = {isa = PBXFileReference; lastKnownFileType = folder.assetcatalog; path = Images.xcassets; sourceTree = "<group>"; };
		70A886081E57E92500823C0F /* ParseDataEngine.framework */ = {isa = PBXFileReference; explicitFileType = wrapper.framework; includeInIndex = 0; path = ParseDataEngine.framework; sourceTree = BUILT_PRODUCTS_DIR; };
		70A8860A1E57E92500823C0F /* ParseDataEngine.h */ = {isa = PBXFileReference; lastKnownFileType = sourcecode.c.h; path = ParseDataEngine.h; sourceTree = "<group>"; };
		70A8860B1E57E92500823C0F /* Info.plist */ = {isa = PBXFileReference; lastKnownFileType = text.plist.xml; path = Info.plist; sourceTree = "<group>"; };
		70A886101E57E93000823C0F /* ParseDataEngine.swift */ = {isa = PBXFileReference; fileEncoding = 4; lastKnownFileType = sourcecode.swift; path = ParseDataEngine.swift; sourceTree = "<group>"; };
		70A886221E57EE8D00823C0F /* Parse.framework */ = {isa = PBXFileReference; lastKnownFileType = wrapper.framework; name = Parse.framework; path = Carthage/Build/iOS/Parse.framework; sourceTree = "<group>"; };
		70A886281E5822B700823C0F /* UIView.swift */ = {isa = PBXFileReference; fileEncoding = 4; lastKnownFileType = sourcecode.swift; path = UIView.swift; sourceTree = "<group>"; };
		70C407BB1E68DDCD00A14EB7 /* ParseViewMapper.swift */ = {isa = PBXFileReference; fileEncoding = 4; lastKnownFileType = sourcecode.swift; path = ParseViewMapper.swift; sourceTree = "<group>"; };
		70C407CB1E69F37800A14EB7 /* DataLoadType.swift */ = {isa = PBXFileReference; fileEncoding = 4; lastKnownFileType = sourcecode.swift; path = DataLoadType.swift; sourceTree = "<group>"; };
		70FBAA7B1EB9115600ECC20E /* Const.swift */ = {isa = PBXFileReference; fileEncoding = 4; lastKnownFileType = sourcecode.swift; path = Const.swift; sourceTree = "<group>"; };
/* End PBXFileReference section */

/* Begin PBXFrameworksBuildPhase section */
		70A884121E5736C400823C0F /* Frameworks */ = {
			isa = PBXFrameworksBuildPhase;
			buildActionMask = 2147483647;
			files = (
				705D2FC51E669763005D3A5F /* DataSource.framework in Frameworks */,
				70A884DF1E576D6700823C0F /* UIScrollView_InfiniteScroll.framework in Frameworks */,
				70A884C51E573C6800823C0F /* RxBlocking.framework in Frameworks */,
				70A884C61E573C6800823C0F /* RxCocoa.framework in Frameworks */,
				70A884C71E573C6800823C0F /* RxSwift.framework in Frameworks */,
				705D2DBC1E5F3B37005D3A5F /* PromiseKit.framework in Frameworks */,
				705D301C1E676EB1005D3A5F /* ViewMapper.framework in Frameworks */,
				705D30281E67725C005D3A5F /* Eureka.framework in Frameworks */,
				707CA2C21F0EEDF60063CF5F /* Changeset.framework in Frameworks */,
				70F712141FD60D40005D139B /* DataSourceNotificationCenter.framework in Frameworks */,
			);
			runOnlyForDeploymentPostprocessing = 0;
		};
		70A886041E57E92500823C0F /* Frameworks */ = {
			isa = PBXFrameworksBuildPhase;
			buildActionMask = 2147483647;
			files = (
				70A8862C1E58A63300823C0F /* CollectionLoader.framework in Frameworks */,
				70A886231E57EE8D00823C0F /* Parse.framework in Frameworks */,
				705D2E3A1E600613005D3A5F /* DataSource.framework in Frameworks */,
				705D2E3B1E60061B005D3A5F /* ParseDataSource.framework in Frameworks */,
				70C408C01E6AFF1F00A14EB7 /* ParseEurekaViewMapper.framework in Frameworks */,
			);
			runOnlyForDeploymentPostprocessing = 0;
		};
/* End PBXFrameworksBuildPhase section */

/* Begin PBXGroup section */
		705902251E7AE0F400E5B7EE /* Controllers */ = {
			isa = PBXGroup;
			children = (
				70A884301E57373800823C0F /* ListLoaderController.swift */,
				7056D066202126EC00E3798A /* ListLoaderAdapterController.swift */,
				705AE9C8201F69A000725573 /* ListCellMapperController.swift */,
				705AE9D1201F908900725573 /* ListNibMapperController.swift */,
				705D30251E67720F005D3A5F /* DataSourceFormController.swift */,
				70961C0B1EA82468007CD33E /* FilterListViewController.swift */,
			);
			name = Controllers;
			sourceTree = "<group>";
		};
		7059022D1E7AE77A00E5B7EE /* Eureka */ = {
			isa = PBXGroup;
			children = (
				705D30211E676FEC005D3A5F /* CollectionLoaderSelectRow.swift */,
			);
			name = Eureka;
			sourceTree = "<group>";
		};
		705AE9DB201FB7C200725573 /* Adapters */ = {
			isa = PBXGroup;
			children = (
				705AE9DC201FB7D100725573 /* ListAdapter.swift */,
				705AE9DE201FC39B00725573 /* ListCellMapperAdapter.swift */,
				705AE9E0201FC81D00725573 /* ListNibMapperAdapter.swift */,
			);
			path = Adapters;
			sourceTree = "<group>";
		};
		705D2E2E1E6005E8005D3A5F /* Products */ = {
			isa = PBXGroup;
			children = (
				705D2E341E6005E8005D3A5F /* DataSource.framework */,
				705D2E361E6005E8005D3A5F /* ParseDataSource.framework */,
				705D2E381E6005E8005D3A5F /* ObjectMapperDataSource.framework */,
				70F712131FD60D40005D139B /* DataSourceNotificationCenter.framework */,
			);
			name = Products;
			sourceTree = "<group>";
		};
		705D300D1E676E96005D3A5F /* Products */ = {
			isa = PBXGroup;
			children = (
				705D30141E676E96005D3A5F /* ViewMapper.framework */,
				705D30161E676E96005D3A5F /* HanekeViewMapper.framework */,
				705D30181E676E96005D3A5F /* EurekaViewMapper.framework */,
				705D301A1E676E96005D3A5F /* ParseEurekaViewMapper.framework */,
			);
			name = Products;
			sourceTree = "<group>";
		};
		70A8840C1E5736C400823C0F = {
			isa = PBXGroup;
			children = (
				705D300C1E676E96005D3A5F /* ViewMapper.xcodeproj */,
				705D2E2D1E6005E8005D3A5F /* DataSource.xcodeproj */,
				70A884231E5736C400823C0F /* CollectionLoaderTests */,
				70A884181E5736C400823C0F /* CollectionLoader */,
				70A886091E57E92500823C0F /* ParseDataEngine */,
				70A884171E5736C400823C0F /* Products */,
				70A884BF1E573AC300823C0F /* Frameworks */,
				70A884321E5738CA00823C0F /* Cartfile */,
			);
			sourceTree = "<group>";
		};
		70A884171E5736C400823C0F /* Products */ = {
			isa = PBXGroup;
			children = (
				70A884161E5736C400823C0F /* CollectionLoader.framework */,
				70A886081E57E92500823C0F /* ParseDataEngine.framework */,
			);
			name = Products;
			sourceTree = "<group>";
		};
		70A884181E5736C400823C0F /* CollectionLoader */ = {
			isa = PBXGroup;
			children = (
				70A885651E5786AC00823C0F /* Nibs */,
				70A884D71E575C2100823C0F /* Extensions */,
				70A884D41E574B9F00823C0F /* Utils */,
				70A884CB1E573FA200823C0F /* Views */,
				7059022D1E7AE77A00E5B7EE /* Eureka */,
				705AE9DB201FB7C200725573 /* Adapters */,
				70A884C81E573E1D00823C0F /* Models */,
				705902251E7AE0F400E5B7EE /* Controllers */,
				70A884191E5736C400823C0F /* CollectionLoader.h */,
				70A8841A1E5736C400823C0F /* Info.plist */,
				70A8856A1E57876300823C0F /* Images.xcassets */,
			);
			path = CollectionLoader;
			sourceTree = "<group>";
		};
		70A884231E5736C400823C0F /* CollectionLoaderTests */ = {
			isa = PBXGroup;
			children = (
				70A884241E5736C400823C0F /* CollectionLoaderTests.swift */,
				70A884261E5736C400823C0F /* Info.plist */,
			);
			path = CollectionLoaderTests;
			sourceTree = "<group>";
		};
		70A884BF1E573AC300823C0F /* Frameworks */ = {
			isa = PBXGroup;
			children = (
				707CA2C11F0EEDF20063CF5F /* Changeset.framework */,
				705D30271E67725C005D3A5F /* Eureka.framework */,
				705D2DBB1E5F3B37005D3A5F /* PromiseKit.framework */,
				70A886221E57EE8D00823C0F /* Parse.framework */,
				70A884DE1E576D6700823C0F /* UIScrollView_InfiniteScroll.framework */,
				70A884C21E573C6800823C0F /* RxBlocking.framework */,
				70A884C31E573C6800823C0F /* RxCocoa.framework */,
				70A884C41E573C6800823C0F /* RxSwift.framework */,
				70A884C01E573AC300823C0F /* Spring.framework */,
			);
			name = Frameworks;
			sourceTree = "<group>";
		};
		70A884C81E573E1D00823C0F /* Models */ = {
			isa = PBXGroup;
			children = (
				70A884CC1E573FF900823C0F /* DataLoader.swift */,
				705D307D1E678144005D3A5F /* DataLoaderEngine.swift */,
				70C407CB1E69F37800A14EB7 /* DataLoadType.swift */,
			);
			path = Models;
			sourceTree = "<group>";
		};
		70A884CB1E573FA200823C0F /* Views */ = {
			isa = PBXGroup;
			children = (
				70A884CE1E57403A00823C0F /* CollectionSearchBar.swift */,
				70A884D01E57404B00823C0F /* LoaderView.swift */,
				705D2E601E609591005D3A5F /* CollectionViewType.swift */,
				705D301F1E676FBA005D3A5F /* NotifiableViewMappable.swift */,
				706C97281FACAE5000F73ED9 /* LoaderCell.swift */,
				706C97201FACAE4F00F73ED9 /* LoaderGradientLayer.swift */,
				706C97291FACAE5200F73ED9 /* CutoutView.swift */,
			);
			path = Views;
			sourceTree = "<group>";
		};
		70A884D41E574B9F00823C0F /* Utils */ = {
			isa = PBXGroup;
			children = (
				70A884DA1E575FED00823C0F /* Utils.swift */,
				70FBAA7B1EB9115600ECC20E /* Const.swift */,
			);
			path = Utils;
			sourceTree = "<group>";
		};
		70A884D71E575C2100823C0F /* Extensions */ = {
			isa = PBXGroup;
			children = (
				70A884DC1E5762F000823C0F /* UITableView.swift */,
				70A886281E5822B700823C0F /* UIView.swift */,
			);
			path = Extensions;
			sourceTree = "<group>";
		};
		70A885651E5786AC00823C0F /* Nibs */ = {
			isa = PBXGroup;
			children = (
				70A885661E57870200823C0F /* LoaderView.xib */,
				70A885671E57870200823C0F /* CollectionSearchBar.xib */,
			);
			path = Nibs;
			sourceTree = "<group>";
		};
		70A886091E57E92500823C0F /* ParseDataEngine */ = {
			isa = PBXGroup;
			children = (
				70A8860A1E57E92500823C0F /* ParseDataEngine.h */,
				70A8860B1E57E92500823C0F /* Info.plist */,
				70A886101E57E93000823C0F /* ParseDataEngine.swift */,
				705D30651E6776D5005D3A5F /* ParseTableLoader.swift */,
				70C407BB1E68DDCD00A14EB7 /* ParseViewMapper.swift */,
			);
			path = ParseDataEngine;
			sourceTree = "<group>";
		};
/* End PBXGroup section */

/* Begin PBXHeadersBuildPhase section */
		70A884131E5736C400823C0F /* Headers */ = {
			isa = PBXHeadersBuildPhase;
			buildActionMask = 2147483647;
			files = (
				70A884271E5736C400823C0F /* CollectionLoader.h in Headers */,
			);
			runOnlyForDeploymentPostprocessing = 0;
		};
		70A886051E57E92500823C0F /* Headers */ = {
			isa = PBXHeadersBuildPhase;
			buildActionMask = 2147483647;
			files = (
				70A8860C1E57E92500823C0F /* ParseDataEngine.h in Headers */,
			);
			runOnlyForDeploymentPostprocessing = 0;
		};
/* End PBXHeadersBuildPhase section */

/* Begin PBXNativeTarget section */
		70A884151E5736C400823C0F /* CollectionLoader */ = {
			isa = PBXNativeTarget;
			buildConfigurationList = 70A8842A1E5736C400823C0F /* Build configuration list for PBXNativeTarget "CollectionLoader" */;
			buildPhases = (
				70A884111E5736C400823C0F /* Sources */,
				70A884121E5736C400823C0F /* Frameworks */,
				70A884131E5736C400823C0F /* Headers */,
				70A884141E5736C400823C0F /* Resources */,
			);
			buildRules = (
			);
			dependencies = (
			);
			name = CollectionLoader;
			productName = CollectionLoader;
			productReference = 70A884161E5736C400823C0F /* CollectionLoader.framework */;
			productType = "com.apple.product-type.framework";
		};
		70A886071E57E92500823C0F /* ParseDataEngine */ = {
			isa = PBXNativeTarget;
			buildConfigurationList = 70A8860F1E57E92500823C0F /* Build configuration list for PBXNativeTarget "ParseDataEngine" */;
			buildPhases = (
				70A886031E57E92500823C0F /* Sources */,
				70A886041E57E92500823C0F /* Frameworks */,
				70A886051E57E92500823C0F /* Headers */,
				70A886061E57E92500823C0F /* Resources */,
			);
			buildRules = (
			);
			dependencies = (
			);
			name = ParseDataEngine;
			productName = ParseDataEngine;
			productReference = 70A886081E57E92500823C0F /* ParseDataEngine.framework */;
			productType = "com.apple.product-type.framework";
		};
/* End PBXNativeTarget section */

/* Begin PBXProject section */
		70A8840D1E5736C400823C0F /* Project object */ = {
			isa = PBXProject;
			attributes = {
				LastSwiftUpdateCheck = 0820;
				LastUpgradeCheck = 0900;
				ORGANIZATIONNAME = Oinkist;
				TargetAttributes = {
					70A884151E5736C400823C0F = {
						CreatedOnToolsVersion = 8.2.1;
						DevelopmentTeam = M68244X38L;
						LastSwiftMigration = 0820;
						ProvisioningStyle = Automatic;
					};
					70A886071E57E92500823C0F = {
						CreatedOnToolsVersion = 8.2.1;
						DevelopmentTeam = M68244X38L;
						LastSwiftMigration = 0820;
						ProvisioningStyle = Automatic;
					};
				};
			};
			buildConfigurationList = 70A884101E5736C400823C0F /* Build configuration list for PBXProject "CollectionLoader" */;
			compatibilityVersion = "Xcode 3.2";
			developmentRegion = English;
			hasScannedForEncodings = 0;
			knownRegions = (
				en,
				Base,
			);
			mainGroup = 70A8840C1E5736C400823C0F;
			productRefGroup = 70A884171E5736C400823C0F /* Products */;
			projectDirPath = "";
			projectReferences = (
				{
					ProductGroup = 705D2E2E1E6005E8005D3A5F /* Products */;
					ProjectRef = 705D2E2D1E6005E8005D3A5F /* DataSource.xcodeproj */;
				},
				{
					ProductGroup = 705D300D1E676E96005D3A5F /* Products */;
					ProjectRef = 705D300C1E676E96005D3A5F /* ViewMapper.xcodeproj */;
				},
			);
			projectRoot = "";
			targets = (
				70A884151E5736C400823C0F /* CollectionLoader */,
				70A886071E57E92500823C0F /* ParseDataEngine */,
			);
		};
/* End PBXProject section */

/* Begin PBXReferenceProxy section */
		705D2E341E6005E8005D3A5F /* DataSource.framework */ = {
			isa = PBXReferenceProxy;
			fileType = wrapper.framework;
			path = DataSource.framework;
			remoteRef = 705D2E331E6005E8005D3A5F /* PBXContainerItemProxy */;
			sourceTree = BUILT_PRODUCTS_DIR;
		};
		705D2E361E6005E8005D3A5F /* ParseDataSource.framework */ = {
			isa = PBXReferenceProxy;
			fileType = wrapper.framework;
			path = ParseDataSource.framework;
			remoteRef = 705D2E351E6005E8005D3A5F /* PBXContainerItemProxy */;
			sourceTree = BUILT_PRODUCTS_DIR;
		};
		705D2E381E6005E8005D3A5F /* ObjectMapperDataSource.framework */ = {
			isa = PBXReferenceProxy;
			fileType = wrapper.framework;
			path = ObjectMapperDataSource.framework;
			remoteRef = 705D2E371E6005E8005D3A5F /* PBXContainerItemProxy */;
			sourceTree = BUILT_PRODUCTS_DIR;
		};
		705D30141E676E96005D3A5F /* ViewMapper.framework */ = {
			isa = PBXReferenceProxy;
			fileType = wrapper.framework;
			path = ViewMapper.framework;
			remoteRef = 705D30131E676E96005D3A5F /* PBXContainerItemProxy */;
			sourceTree = BUILT_PRODUCTS_DIR;
		};
		705D30161E676E96005D3A5F /* HanekeViewMapper.framework */ = {
			isa = PBXReferenceProxy;
			fileType = wrapper.framework;
			path = HanekeViewMapper.framework;
			remoteRef = 705D30151E676E96005D3A5F /* PBXContainerItemProxy */;
			sourceTree = BUILT_PRODUCTS_DIR;
		};
		705D30181E676E96005D3A5F /* EurekaViewMapper.framework */ = {
			isa = PBXReferenceProxy;
			fileType = wrapper.framework;
			path = EurekaViewMapper.framework;
			remoteRef = 705D30171E676E96005D3A5F /* PBXContainerItemProxy */;
			sourceTree = BUILT_PRODUCTS_DIR;
		};
		705D301A1E676E96005D3A5F /* ParseEurekaViewMapper.framework */ = {
			isa = PBXReferenceProxy;
			fileType = wrapper.framework;
			path = ParseEurekaViewMapper.framework;
			remoteRef = 705D30191E676E96005D3A5F /* PBXContainerItemProxy */;
			sourceTree = BUILT_PRODUCTS_DIR;
		};
		70F712131FD60D40005D139B /* DataSourceNotificationCenter.framework */ = {
			isa = PBXReferenceProxy;
			fileType = wrapper.framework;
			path = DataSourceNotificationCenter.framework;
			remoteRef = 70F712121FD60D40005D139B /* PBXContainerItemProxy */;
			sourceTree = BUILT_PRODUCTS_DIR;
		};
/* End PBXReferenceProxy section */

/* Begin PBXResourcesBuildPhase section */
		70A884141E5736C400823C0F /* Resources */ = {
			isa = PBXResourcesBuildPhase;
			buildActionMask = 2147483647;
			files = (
				70A884331E5738CA00823C0F /* Cartfile in Resources */,
				70A8856B1E57876300823C0F /* Images.xcassets in Resources */,
				70A885681E57870200823C0F /* LoaderView.xib in Resources */,
				70A885691E57870200823C0F /* CollectionSearchBar.xib in Resources */,
			);
			runOnlyForDeploymentPostprocessing = 0;
		};
		70A886061E57E92500823C0F /* Resources */ = {
			isa = PBXResourcesBuildPhase;
			buildActionMask = 2147483647;
			files = (
			);
			runOnlyForDeploymentPostprocessing = 0;
		};
/* End PBXResourcesBuildPhase section */

/* Begin PBXSourcesBuildPhase section */
		70A884111E5736C400823C0F /* Sources */ = {
			isa = PBXSourcesBuildPhase;
			buildActionMask = 2147483647;
			files = (
				70A886291E5822B700823C0F /* UIView.swift in Sources */,
				706C972B1FACAE5200F73ED9 /* LoaderCell.swift in Sources */,
				705D30261E67720F005D3A5F /* DataSourceFormController.swift in Sources */,
				705D30221E676FEC005D3A5F /* CollectionLoaderSelectRow.swift in Sources */,
				7056D067202126EC00E3798A /* ListLoaderAdapterController.swift in Sources */,
				705D2E611E609591005D3A5F /* CollectionViewType.swift in Sources */,
				705AE9DD201FB7D100725573 /* ListAdapter.swift in Sources */,
				705AE9DF201FC39B00725573 /* ListCellMapperAdapter.swift in Sources */,
				70A884311E57373800823C0F /* ListLoaderController.swift in Sources */,
				705D307E1E678144005D3A5F /* DataLoaderEngine.swift in Sources */,
				706C972A1FACAE5200F73ED9 /* LoaderGradientLayer.swift in Sources */,
				70A884CF1E57403A00823C0F /* CollectionSearchBar.swift in Sources */,
				70C407CC1E69F37800A14EB7 /* DataLoadType.swift in Sources */,
				70A884DD1E5762F000823C0F /* UITableView.swift in Sources */,
				70961C0C1EA82468007CD33E /* FilterListViewController.swift in Sources */,
				70A884CD1E573FF900823C0F /* DataLoader.swift in Sources */,
				70A884D11E57404B00823C0F /* LoaderView.swift in Sources */,
				705AE9E1201FC81D00725573 /* ListNibMapperAdapter.swift in Sources */,
				705D30201E676FBA005D3A5F /* NotifiableViewMappable.swift in Sources */,
				70A884DB1E575FED00823C0F /* Utils.swift in Sources */,
				706C972C1FACAE5200F73ED9 /* CutoutView.swift in Sources */,
				70FBAA7C1EB9115600ECC20E /* Const.swift in Sources */,
				705AE9D2201F908900725573 /* ListNibMapperController.swift in Sources */,
				705AE9C9201F69A000725573 /* ListCellMapperController.swift in Sources */,
			);
			runOnlyForDeploymentPostprocessing = 0;
		};
		70A886031E57E92500823C0F /* Sources */ = {
			isa = PBXSourcesBuildPhase;
			buildActionMask = 2147483647;
			files = (
				70C407BC1E68DDCD00A14EB7 /* ParseViewMapper.swift in Sources */,
				705D30661E6776D5005D3A5F /* ParseTableLoader.swift in Sources */,
				70A886111E57E93000823C0F /* ParseDataEngine.swift in Sources */,
			);
			runOnlyForDeploymentPostprocessing = 0;
		};
/* End PBXSourcesBuildPhase section */

/* Begin XCBuildConfiguration section */
		70A884281E5736C400823C0F /* Debug */ = {
			isa = XCBuildConfiguration;
			buildSettings = {
				ALWAYS_SEARCH_USER_PATHS = NO;
				CLANG_ANALYZER_NONNULL = YES;
				CLANG_CXX_LANGUAGE_STANDARD = "gnu++0x";
				CLANG_CXX_LIBRARY = "libc++";
				CLANG_ENABLE_MODULES = YES;
				CLANG_ENABLE_OBJC_ARC = YES;
				CLANG_WARN_BLOCK_CAPTURE_AUTORELEASING = YES;
				CLANG_WARN_BOOL_CONVERSION = YES;
				CLANG_WARN_COMMA = YES;
				CLANG_WARN_CONSTANT_CONVERSION = YES;
				CLANG_WARN_DIRECT_OBJC_ISA_USAGE = YES_ERROR;
				CLANG_WARN_DOCUMENTATION_COMMENTS = YES;
				CLANG_WARN_EMPTY_BODY = YES;
				CLANG_WARN_ENUM_CONVERSION = YES;
				CLANG_WARN_INFINITE_RECURSION = YES;
				CLANG_WARN_INT_CONVERSION = YES;
				CLANG_WARN_NON_LITERAL_NULL_CONVERSION = YES;
				CLANG_WARN_OBJC_LITERAL_CONVERSION = YES;
				CLANG_WARN_OBJC_ROOT_CLASS = YES_ERROR;
				CLANG_WARN_RANGE_LOOP_ANALYSIS = YES;
				CLANG_WARN_STRICT_PROTOTYPES = YES;
				CLANG_WARN_SUSPICIOUS_MOVE = YES;
				CLANG_WARN_UNREACHABLE_CODE = YES;
				CLANG_WARN__DUPLICATE_METHOD_MATCH = YES;
				"CODE_SIGN_IDENTITY[sdk=iphoneos*]" = "iPhone Developer";
				COPY_PHASE_STRIP = NO;
				CURRENT_PROJECT_VERSION = 1;
				DEBUG_INFORMATION_FORMAT = dwarf;
				ENABLE_STRICT_OBJC_MSGSEND = YES;
				ENABLE_TESTABILITY = YES;
				GCC_C_LANGUAGE_STANDARD = gnu99;
				GCC_DYNAMIC_NO_PIC = NO;
				GCC_NO_COMMON_BLOCKS = YES;
				GCC_OPTIMIZATION_LEVEL = 0;
				GCC_PREPROCESSOR_DEFINITIONS = (
					"DEBUG=1",
					"$(inherited)",
				);
				GCC_WARN_64_TO_32_BIT_CONVERSION = YES;
				GCC_WARN_ABOUT_RETURN_TYPE = YES_ERROR;
				GCC_WARN_UNDECLARED_SELECTOR = YES;
				GCC_WARN_UNINITIALIZED_AUTOS = YES_AGGRESSIVE;
				GCC_WARN_UNUSED_FUNCTION = YES;
				GCC_WARN_UNUSED_VARIABLE = YES;
				IPHONEOS_DEPLOYMENT_TARGET = 10.0;
				MTL_ENABLE_DEBUG_INFO = YES;
				ONLY_ACTIVE_ARCH = YES;
				SDKROOT = iphoneos;
				SWIFT_ACTIVE_COMPILATION_CONDITIONS = DEBUG;
				SWIFT_OPTIMIZATION_LEVEL = "-Onone";
				TARGETED_DEVICE_FAMILY = "1,2";
				VERSIONING_SYSTEM = "apple-generic";
				VERSION_INFO_PREFIX = "";
			};
			name = Debug;
		};
		70A884291E5736C400823C0F /* Release */ = {
			isa = XCBuildConfiguration;
			buildSettings = {
				ALWAYS_SEARCH_USER_PATHS = NO;
				CLANG_ANALYZER_NONNULL = YES;
				CLANG_CXX_LANGUAGE_STANDARD = "gnu++0x";
				CLANG_CXX_LIBRARY = "libc++";
				CLANG_ENABLE_MODULES = YES;
				CLANG_ENABLE_OBJC_ARC = YES;
				CLANG_WARN_BLOCK_CAPTURE_AUTORELEASING = YES;
				CLANG_WARN_BOOL_CONVERSION = YES;
				CLANG_WARN_COMMA = YES;
				CLANG_WARN_CONSTANT_CONVERSION = YES;
				CLANG_WARN_DIRECT_OBJC_ISA_USAGE = YES_ERROR;
				CLANG_WARN_DOCUMENTATION_COMMENTS = YES;
				CLANG_WARN_EMPTY_BODY = YES;
				CLANG_WARN_ENUM_CONVERSION = YES;
				CLANG_WARN_INFINITE_RECURSION = YES;
				CLANG_WARN_INT_CONVERSION = YES;
				CLANG_WARN_NON_LITERAL_NULL_CONVERSION = YES;
				CLANG_WARN_OBJC_LITERAL_CONVERSION = YES;
				CLANG_WARN_OBJC_ROOT_CLASS = YES_ERROR;
				CLANG_WARN_RANGE_LOOP_ANALYSIS = YES;
				CLANG_WARN_STRICT_PROTOTYPES = YES;
				CLANG_WARN_SUSPICIOUS_MOVE = YES;
				CLANG_WARN_UNREACHABLE_CODE = YES;
				CLANG_WARN__DUPLICATE_METHOD_MATCH = YES;
				"CODE_SIGN_IDENTITY[sdk=iphoneos*]" = "iPhone Developer";
				COPY_PHASE_STRIP = NO;
				CURRENT_PROJECT_VERSION = 1;
				DEBUG_INFORMATION_FORMAT = "dwarf-with-dsym";
				ENABLE_NS_ASSERTIONS = NO;
				ENABLE_STRICT_OBJC_MSGSEND = YES;
				GCC_C_LANGUAGE_STANDARD = gnu99;
				GCC_NO_COMMON_BLOCKS = YES;
				GCC_WARN_64_TO_32_BIT_CONVERSION = YES;
				GCC_WARN_ABOUT_RETURN_TYPE = YES_ERROR;
				GCC_WARN_UNDECLARED_SELECTOR = YES;
				GCC_WARN_UNINITIALIZED_AUTOS = YES_AGGRESSIVE;
				GCC_WARN_UNUSED_FUNCTION = YES;
				GCC_WARN_UNUSED_VARIABLE = YES;
				IPHONEOS_DEPLOYMENT_TARGET = 10.0;
				MTL_ENABLE_DEBUG_INFO = NO;
				SDKROOT = iphoneos;
				SWIFT_OPTIMIZATION_LEVEL = "-Owholemodule";
				TARGETED_DEVICE_FAMILY = "1,2";
				VALIDATE_PRODUCT = YES;
				VERSIONING_SYSTEM = "apple-generic";
				VERSION_INFO_PREFIX = "";
			};
			name = Release;
		};
		70A8842B1E5736C400823C0F /* Debug */ = {
			isa = XCBuildConfiguration;
			buildSettings = {
				CLANG_ENABLE_MODULES = YES;
				CODE_SIGN_IDENTITY = "";
				DEFINES_MODULE = YES;
				DEVELOPMENT_TEAM = M68244X38L;
				DYLIB_COMPATIBILITY_VERSION = 1;
				DYLIB_CURRENT_VERSION = 1;
				DYLIB_INSTALL_NAME_BASE = "@rpath";
				FRAMEWORK_SEARCH_PATHS = (
					"$(inherited)",
					"$(PROJECT_DIR)/Carthage/Build/iOS",
				);
				INFOPLIST_FILE = CollectionLoader/Info.plist;
				INSTALL_PATH = "$(LOCAL_LIBRARY_DIR)/Frameworks";
				LD_RUNPATH_SEARCH_PATHS = "$(inherited) @executable_path/Frameworks @loader_path/Frameworks";
				PRODUCT_BUNDLE_IDENTIFIER = co.bukapp.CollectionLoader;
				PRODUCT_NAME = "$(TARGET_NAME)";
				SKIP_INSTALL = YES;
				SWIFT_OPTIMIZATION_LEVEL = "-Onone";
				SWIFT_VERSION = 3.0;
			};
			name = Debug;
		};
		70A8842C1E5736C400823C0F /* Release */ = {
			isa = XCBuildConfiguration;
			buildSettings = {
				CLANG_ENABLE_MODULES = YES;
				CODE_SIGN_IDENTITY = "";
				DEFINES_MODULE = YES;
				DEVELOPMENT_TEAM = M68244X38L;
				DYLIB_COMPATIBILITY_VERSION = 1;
				DYLIB_CURRENT_VERSION = 1;
				DYLIB_INSTALL_NAME_BASE = "@rpath";
				FRAMEWORK_SEARCH_PATHS = (
					"$(inherited)",
					"$(PROJECT_DIR)/Carthage/Build/iOS",
				);
				INFOPLIST_FILE = CollectionLoader/Info.plist;
				INSTALL_PATH = "$(LOCAL_LIBRARY_DIR)/Frameworks";
				LD_RUNPATH_SEARCH_PATHS = "$(inherited) @executable_path/Frameworks @loader_path/Frameworks";
				PRODUCT_BUNDLE_IDENTIFIER = co.bukapp.CollectionLoader;
				PRODUCT_NAME = "$(TARGET_NAME)";
				SKIP_INSTALL = YES;
				SWIFT_VERSION = 3.0;
			};
			name = Release;
		};
		70A8860D1E57E92500823C0F /* Debug */ = {
			isa = XCBuildConfiguration;
			buildSettings = {
				CLANG_ENABLE_MODULES = YES;
				CODE_SIGN_IDENTITY = "";
				DEFINES_MODULE = YES;
				DEVELOPMENT_TEAM = M68244X38L;
				DYLIB_COMPATIBILITY_VERSION = 1;
				DYLIB_CURRENT_VERSION = 1;
				DYLIB_INSTALL_NAME_BASE = "@rpath";
				FRAMEWORK_SEARCH_PATHS = (
					"$(inherited)",
					"$(PROJECT_DIR)/Carthage/Build/iOS",
				);
				INFOPLIST_FILE = ParseDataEngine/Info.plist;
				INSTALL_PATH = "$(LOCAL_LIBRARY_DIR)/Frameworks";
				LD_RUNPATH_SEARCH_PATHS = "$(inherited) @executable_path/Frameworks @loader_path/Frameworks";
				PRODUCT_BUNDLE_IDENTIFIER = co.bukapp.CollectionLoader.ParseDataEngine;
				PRODUCT_NAME = "$(TARGET_NAME)";
				SKIP_INSTALL = YES;
				SWIFT_OPTIMIZATION_LEVEL = "-Onone";
				SWIFT_VERSION = 3.0;
			};
			name = Debug;
		};
		70A8860E1E57E92500823C0F /* Release */ = {
			isa = XCBuildConfiguration;
			buildSettings = {
				CLANG_ENABLE_MODULES = YES;
				CODE_SIGN_IDENTITY = "";
				DEFINES_MODULE = YES;
				DEVELOPMENT_TEAM = M68244X38L;
				DYLIB_COMPATIBILITY_VERSION = 1;
				DYLIB_CURRENT_VERSION = 1;
				DYLIB_INSTALL_NAME_BASE = "@rpath";
				FRAMEWORK_SEARCH_PATHS = (
					"$(inherited)",
					"$(PROJECT_DIR)/Carthage/Build/iOS",
				);
				INFOPLIST_FILE = ParseDataEngine/Info.plist;
				INSTALL_PATH = "$(LOCAL_LIBRARY_DIR)/Frameworks";
				LD_RUNPATH_SEARCH_PATHS = "$(inherited) @executable_path/Frameworks @loader_path/Frameworks";
				PRODUCT_BUNDLE_IDENTIFIER = co.bukapp.CollectionLoader.ParseDataEngine;
				PRODUCT_NAME = "$(TARGET_NAME)";
				SKIP_INSTALL = YES;
				SWIFT_VERSION = 3.0;
			};
			name = Release;
		};
/* End XCBuildConfiguration section */

/* Begin XCConfigurationList section */
		70A884101E5736C400823C0F /* Build configuration list for PBXProject "CollectionLoader" */ = {
			isa = XCConfigurationList;
			buildConfigurations = (
				70A884281E5736C400823C0F /* Debug */,
				70A884291E5736C400823C0F /* Release */,
			);
			defaultConfigurationIsVisible = 0;
			defaultConfigurationName = Release;
		};
		70A8842A1E5736C400823C0F /* Build configuration list for PBXNativeTarget "CollectionLoader" */ = {
			isa = XCConfigurationList;
			buildConfigurations = (
				70A8842B1E5736C400823C0F /* Debug */,
				70A8842C1E5736C400823C0F /* Release */,
			);
			defaultConfigurationIsVisible = 0;
			defaultConfigurationName = Release;
		};
		70A8860F1E57E92500823C0F /* Build configuration list for PBXNativeTarget "ParseDataEngine" */ = {
			isa = XCConfigurationList;
			buildConfigurations = (
				70A8860D1E57E92500823C0F /* Debug */,
				70A8860E1E57E92500823C0F /* Release */,
			);
			defaultConfigurationIsVisible = 0;
			defaultConfigurationName = Release;
		};
/* End XCConfigurationList section */
	};
	rootObject = 70A8840D1E5736C400823C0F /* Project object */;
}
